# THIS IS AN AUTOGENERATED FILE. DO NOT EDIT THIS FILE DIRECTLY.
# yarn lockfile v1


chess.js@1.4.0:
  version "1.4.0"
  resolved "https://registry.yarnpkg.com/chess.js/-/chess.js-1.4.0.tgz#edc1439492d1a0d7f530ba72b2b5398baece28a1"
  integrity sha512-BBJgrrtKQOzFLonR0l+k64A98NLemPwNsCskwb+29bRwobUa4iTm51E1kwGPbWXAcfdDa18nad6vpPPKPWarqw==

cm-chessboard@8.13.0:
  version "8.13.0"
  resolved "https://registry.yarnpkg.com/cm-chessboard/-/cm-chessboard-8.13.0.tgz#2ad8a9ce2f3a59328f11ed82a651456c7c8d6412"
  integrity sha512-/MhE+zyoQOtWTcayMQv0lLPbiZaGeCZdI+t/tIZZZCKO1gsfr4vr9PpX5iPcI9LGgQJRTpq4JHNu4bD9xN4Ftg==

stockfish@18.0.8:
  version "18.0.8"
  resolved "https://registry.yarnpkg.com/stockfish/-/stockfish-18.0.8.tgz#f361d4b05f4c829a6f17da5cf18328525c5268f6"
  integrity sha512-z+f2UMPXLylDBGjv9e9zU8QulY7hUl8MYHesLRrdddewlOXjJrUSmtNmbtID1/F72EPhq0CCkCNxgWS5MQVWtQ==
